// !$*UTF8*$!
{
	archiveVersion = 1;
	classes = {
	};
	objectVersion = 55;
	objects = {

/* Begin PBXBuildFile section */
		2412EB2528DA34690080DC0F /* Localizable.strings in Resources */ = {isa = PBXBuildFile; fileRef = 2412EB2728DA34690080DC0F /* Localizable.strings */; };
		24C0428228D257AA00270C62 /* AppDelegate.swift in Sources */ = {isa = PBXBuildFile; fileRef = 24C0428128D257AA00270C62 /* AppDelegate.swift */; };
		24C0428428D257AA00270C62 /* SceneDelegate.swift in Sources */ = {isa = PBXBuildFile; fileRef = 24C0428328D257AA00270C62 /* SceneDelegate.swift */; };
		24C0428B28D257AA00270C62 /* Assets.xcassets in Resources */ = {isa = PBXBuildFile; fileRef = 24C0428A28D257AA00270C62 /* Assets.xcassets */; };
		24C0429628D25C4800270C62 /* Notification+Name.swift in Sources */ = {isa = PBXBuildFile; fileRef = 24C0429528D25C4800270C62 /* Notification+Name.swift */; };
		24C0429828D25DEB00270C62 /* PlayerViewController.swift in Sources */ = {isa = PBXBuildFile; fileRef = 24C0429728D25DEB00270C62 /* PlayerViewController.swift */; };
		24C0429A28D2602100270C62 /* String+Localized.swift in Sources */ = {isa = PBXBuildFile; fileRef = 24C0429928D2602100270C62 /* String+Localized.swift */; };
		24C0429C28D268AA00270C62 /* YouTubePageUrlValidator.swift in Sources */ = {isa = PBXBuildFile; fileRef = 24C0429B28D268AA00270C62 /* YouTubePageUrlValidator.swift */; };
		24C0429E28D2697600270C62 /* YouTubePageLoader.swift in Sources */ = {isa = PBXBuildFile; fileRef = 24C0429D28D2697600270C62 /* YouTubePageLoader.swift */; };
		24C042A028D26A7F00270C62 /* MediaUrlExtractor.swift in Sources */ = {isa = PBXBuildFile; fileRef = 24C0429F28D26A7F00270C62 /* MediaUrlExtractor.swift */; };
		24C042A228D26D7600270C62 /* MediaSource.swift in Sources */ = {isa = PBXBuildFile; fileRef = 24C042A128D26D7600270C62 /* MediaSource.swift */; };
		24C042A428D2706A00270C62 /* Errors.swift in Sources */ = {isa = PBXBuildFile; fileRef = 24C042A328D2706A00270C62 /* Errors.swift */; };
/* End PBXBuildFile section */

/* Begin PBXFileReference section */
		2412EB2628DA34690080DC0F /* en */ = {isa = PBXFileReference; lastKnownFileType = text.plist.strings; name = en; path = en.lproj/Localizable.strings; sourceTree = "<group>"; };
		2412EB2828DA34A30080DC0F /* ru */ = {isa = PBXFileReference; lastKnownFileType = text.plist.strings; name = ru; path = ru.lproj/Localizable.strings; sourceTree = "<group>"; };
		24C0427E28D257AA00270C62 /* Vance.app */ = {isa = PBXFileReference; explicitFileType = wrapper.application; includeInIndex = 0; path = Vance.app; sourceTree = BUILT_PRODUCTS_DIR; };
		24C0428128D257AA00270C62 /* AppDelegate.swift */ = {isa = PBXFileReference; lastKnownFileType = sourcecode.swift; path = AppDelegate.swift; sourceTree = "<group>"; };
		24C0428328D257AA00270C62 /* SceneDelegate.swift */ = {isa = PBXFileReference; lastKnownFileType = sourcecode.swift; path = SceneDelegate.swift; sourceTree = "<group>"; };
		24C0428A28D257AA00270C62 /* Assets.xcassets */ = {isa = PBXFileReference; lastKnownFileType = folder.assetcatalog; path = Assets.xcassets; sourceTree = "<group>"; };
		24C0428F28D257AA00270C62 /* Info.plist */ = {isa = PBXFileReference; lastKnownFileType = text.plist.xml; path = Info.plist; sourceTree = "<group>"; };
		24C0429528D25C4800270C62 /* Notification+Name.swift */ = {isa = PBXFileReference; lastKnownFileType = sourcecode.swift; path = "Notification+Name.swift"; sourceTree = "<group>"; };
		24C0429728D25DEB00270C62 /* PlayerViewController.swift */ = {isa = PBXFileReference; lastKnownFileType = sourcecode.swift; path = PlayerViewController.swift; sourceTree = "<group>"; };
		24C0429928D2602100270C62 /* String+Localized.swift */ = {isa = PBXFileReference; lastKnownFileType = sourcecode.swift; path = "String+Localized.swift"; sourceTree = "<group>"; };
		24C0429B28D268AA00270C62 /* YouTubePageUrlValidator.swift */ = {isa = PBXFileReference; lastKnownFileType = sourcecode.swift; path = YouTubePageUrlValidator.swift; sourceTree = "<group>"; };
		24C0429D28D2697600270C62 /* YouTubePageLoader.swift */ = {isa = PBXFileReference; lastKnownFileType = sourcecode.swift; path = YouTubePageLoader.swift; sourceTree = "<group>"; };
		24C0429F28D26A7F00270C62 /* MediaUrlExtractor.swift */ = {isa = PBXFileReference; lastKnownFileType = sourcecode.swift; path = MediaUrlExtractor.swift; sourceTree = "<group>"; };
		24C042A128D26D7600270C62 /* MediaSource.swift */ = {isa = PBXFileReference; lastKnownFileType = sourcecode.swift; path = MediaSource.swift; sourceTree = "<group>"; };
		24C042A328D2706A00270C62 /* Errors.swift */ = {isa = PBXFileReference; lastKnownFileType = sourcecode.swift; path = Errors.swift; sourceTree = "<group>"; };
/* End PBXFileReference section */

/* Begin PBXFrameworksBuildPhase section */
		24C0427B28D257AA00270C62 /* Frameworks */ = {
			isa = PBXFrameworksBuildPhase;
			buildActionMask = 2147483647;
			files = (
			);
			runOnlyForDeploymentPostprocessing = 0;
		};
/* End PBXFrameworksBuildPhase section */

/* Begin PBXGroup section */
		24C0427528D257AA00270C62 = {
			isa = PBXGroup;
			children = (
				24C0428028D257AA00270C62 /* Vance */,
				24C0427F28D257AA00270C62 /* Products */,
			);
			sourceTree = "<group>";
		};
		24C0427F28D257AA00270C62 /* Products */ = {
			isa = PBXGroup;
			children = (
				24C0427E28D257AA00270C62 /* Vance.app */,
			);
			name = Products;
			sourceTree = "<group>";
		};
		24C0428028D257AA00270C62 /* Vance */ = {
			isa = PBXGroup;
			children = (
				24C0428128D257AA00270C62 /* AppDelegate.swift */,
				24C0428328D257AA00270C62 /* SceneDelegate.swift */,
				24C0429728D25DEB00270C62 /* PlayerViewController.swift */,
				24C0429B28D268AA00270C62 /* YouTubePageUrlValidator.swift */,
				24C0429D28D2697600270C62 /* YouTubePageLoader.swift */,
				24C0429F28D26A7F00270C62 /* MediaUrlExtractor.swift */,
				24C042A128D26D7600270C62 /* MediaSource.swift */,
				24C0429528D25C4800270C62 /* Notification+Name.swift */,
				24C0429928D2602100270C62 /* String+Localized.swift */,
				24C042A328D2706A00270C62 /* Errors.swift */,
				24C0428A28D257AA00270C62 /* Assets.xcassets */,
				2412EB2728DA34690080DC0F /* Localizable.strings */,
				24C0428F28D257AA00270C62 /* Info.plist */,
			);
			path = Vance;
			sourceTree = "<group>";
		};
/* End PBXGroup section */

/* Begin PBXNativeTarget section */
		24C0427D28D257AA00270C62 /* Vance */ = {
			isa = PBXNativeTarget;
			buildConfigurationList = 24C0429228D257AA00270C62 /* Build configuration list for PBXNativeTarget "Vance" */;
			buildPhases = (
				24C0427A28D257AA00270C62 /* Sources */,
				24C0427B28D257AA00270C62 /* Frameworks */,
				24C0427C28D257AA00270C62 /* Resources */,
			);
			buildRules = (
			);
			dependencies = (
			);
			name = Vance;
			productName = Vance;
			productReference = 24C0427E28D257AA00270C62 /* Vance.app */;
			productType = "com.apple.product-type.application";
		};
/* End PBXNativeTarget section */

/* Begin PBXProject section */
		24C0427628D257AA00270C62 /* Project object */ = {
			isa = PBXProject;
			attributes = {
				BuildIndependentTargetsInParallel = 1;
				LastSwiftUpdateCheck = 1400;
				LastUpgradeCheck = 1400;
				ORGANIZATIONNAME = "Egor and the fucked up";
				TargetAttributes = {
					24C0427D28D257AA00270C62 = {
						CreatedOnToolsVersion = 14.0;
					};
				};
			};
			buildConfigurationList = 24C0427928D257AA00270C62 /* Build configuration list for PBXProject "Vance" */;
			compatibilityVersion = "Xcode 13.0";
			developmentRegion = en;
			hasScannedForEncodings = 0;
			knownRegions = (
				en,
				Base,
				ru,
			);
			mainGroup = 24C0427528D257AA00270C62;
			productRefGroup = 24C0427F28D257AA00270C62 /* Products */;
			projectDirPath = "";
			projectRoot = "";
			targets = (
				24C0427D28D257AA00270C62 /* Vance */,
			);
		};
/* End PBXProject section */

/* Begin PBXResourcesBuildPhase section */
		24C0427C28D257AA00270C62 /* Resources */ = {
			isa = PBXResourcesBuildPhase;
			buildActionMask = 2147483647;
			files = (
				24C0428B28D257AA00270C62 /* Assets.xcassets in Resources */,
				2412EB2528DA34690080DC0F /* Localizable.strings in Resources */,
			);
			runOnlyForDeploymentPostprocessing = 0;
		};
/* End PBXResourcesBuildPhase section */

/* Begin PBXSourcesBuildPhase section */
		24C0427A28D257AA00270C62 /* Sources */ = {
			isa = PBXSourcesBuildPhase;
			buildActionMask = 2147483647;
			files = (
				24C0429A28D2602100270C62 /* String+Localized.swift in Sources */,
				24C042A228D26D7600270C62 /* MediaSource.swift in Sources */,
				24C0429628D25C4800270C62 /* Notification+Name.swift in Sources */,
				24C0429E28D2697600270C62 /* YouTubePageLoader.swift in Sources */,
				24C0429C28D268AA00270C62 /* YouTubePageUrlValidator.swift in Sources */,
				24C0428228D257AA00270C62 /* AppDelegate.swift in Sources */,
				24C042A428D2706A00270C62 /* Errors.swift in Sources */,
				24C0428428D257AA00270C62 /* SceneDelegate.swift in Sources */,
				24C0429828D25DEB00270C62 /* PlayerViewController.swift in Sources */,
				24C042A028D26A7F00270C62 /* MediaUrlExtractor.swift in Sources */,
			);
			runOnlyForDeploymentPostprocessing = 0;
		};
/* End PBXSourcesBuildPhase section */

/* Begin PBXVariantGroup section */
		2412EB2728DA34690080DC0F /* Localizable.strings */ = {
			isa = PBXVariantGroup;
			children = (
				2412EB2628DA34690080DC0F /* en */,
				2412EB2828DA34A30080DC0F /* ru */,
			);
			name = Localizable.strings;
			sourceTree = "<group>";
		};
/* End PBXVariantGroup section */

/* Begin XCBuildConfiguration section */
		24C0429028D257AA00270C62 /* Debug */ = {
			isa = XCBuildConfiguration;
			buildSettings = {
				ALWAYS_SEARCH_USER_PATHS = NO;
				CLANG_ANALYZER_LOCALIZABILITY_NONLOCALIZED = YES;
				CLANG_ANALYZER_NONNULL = YES;
				CLANG_ANALYZER_NUMBER_OBJECT_CONVERSION = YES_AGGRESSIVE;
				CLANG_CXX_LANGUAGE_STANDARD = "gnu++20";
				CLANG_ENABLE_MODULES = YES;
				CLANG_ENABLE_OBJC_ARC = YES;
				CLANG_ENABLE_OBJC_WEAK = YES;
				CLANG_WARN_BLOCK_CAPTURE_AUTORELEASING = YES;
				CLANG_WARN_BOOL_CONVERSION = YES;
				CLANG_WARN_COMMA = YES;
				CLANG_WARN_CONSTANT_CONVERSION = YES;
				CLANG_WARN_DEPRECATED_OBJC_IMPLEMENTATIONS = YES;
				CLANG_WARN_DIRECT_OBJC_ISA_USAGE = YES_ERROR;
				CLANG_WARN_DOCUMENTATION_COMMENTS = YES;
				CLANG_WARN_EMPTY_BODY = YES;
				CLANG_WARN_ENUM_CONVERSION = YES;
				CLANG_WARN_INFINITE_RECURSION = YES;
				CLANG_WARN_INT_CONVERSION = YES;
				CLANG_WARN_NON_LITERAL_NULL_CONVERSION = YES;
				CLANG_WARN_OBJC_IMPLICIT_RETAIN_SELF = YES;
				CLANG_WARN_OBJC_LITERAL_CONVERSION = YES;
				CLANG_WARN_OBJC_ROOT_CLASS = YES_ERROR;
				CLANG_WARN_QUOTED_INCLUDE_IN_FRAMEWORK_HEADER = YES;
				CLANG_WARN_RANGE_LOOP_ANALYSIS = YES;
				CLANG_WARN_STRICT_PROTOTYPES = YES;
				CLANG_WARN_SUSPICIOUS_MOVE = YES;
				CLANG_WARN_UNGUARDED_AVAILABILITY = YES_AGGRESSIVE;
				CLANG_WARN_UNREACHABLE_CODE = YES;
				CLANG_WARN__DUPLICATE_METHOD_MATCH = YES;
				COPY_PHASE_STRIP = NO;
				DEBUG_INFORMATION_FORMAT = dwarf;
				ENABLE_STRICT_OBJC_MSGSEND = YES;
				ENABLE_TESTABILITY = YES;
				GCC_C_LANGUAGE_STANDARD = gnu11;
				GCC_DYNAMIC_NO_PIC = NO;
				GCC_NO_COMMON_BLOCKS = YES;
				GCC_OPTIMIZATION_LEVEL = 0;
				GCC_PREPROCESSOR_DEFINITIONS = (
					"DEBUG=1",
					"$(inherited)",
				);
				GCC_WARN_64_TO_32_BIT_CONVERSION = YES;
				GCC_WARN_ABOUT_RETURN_TYPE = YES_ERROR;
				GCC_WARN_UNDECLARED_SELECTOR = YES;
				GCC_WARN_UNINITIALIZED_AUTOS = YES_AGGRESSIVE;
				GCC_WARN_UNUSED_FUNCTION = YES;
				GCC_WARN_UNUSED_VARIABLE = YES;
				IPHONEOS_DEPLOYMENT_TARGET = 16.0;
				MTL_ENABLE_DEBUG_INFO = INCLUDE_SOURCE;
				MTL_FAST_MATH = YES;
				ONLY_ACTIVE_ARCH = YES;
				SDKROOT = iphoneos;
				SWIFT_ACTIVE_COMPILATION_CONDITIONS = DEBUG;
				SWIFT_OPTIMIZATION_LEVEL = "-Onone";
			};
			name = Debug;
		};
		24C0429128D257AA00270C62 /* Release */ = {
			isa = XCBuildConfiguration;
			buildSettings = {
				ALWAYS_SEARCH_USER_PATHS = NO;
				CLANG_ANALYZER_LOCALIZABILITY_NONLOCALIZED = YES;
				CLANG_ANALYZER_NONNULL = YES;
				CLANG_ANALYZER_NUMBER_OBJECT_CONVERSION = YES_AGGRESSIVE;
				CLANG_CXX_LANGUAGE_STANDARD = "gnu++20";
				CLANG_ENABLE_MODULES = YES;
				CLANG_ENABLE_OBJC_ARC = YES;
				CLANG_ENABLE_OBJC_WEAK = YES;
				CLANG_WARN_BLOCK_CAPTURE_AUTORELEASING = YES;
				CLANG_WARN_BOOL_CONVERSION = YES;
				CLANG_WARN_COMMA = YES;
				CLANG_WARN_CONSTANT_CONVERSION = YES;
				CLANG_WARN_DEPRECATED_OBJC_IMPLEMENTATIONS = YES;
				CLANG_WARN_DIRECT_OBJC_ISA_USAGE = YES_ERROR;
				CLANG_WARN_DOCUMENTATION_COMMENTS = YES;
				CLANG_WARN_EMPTY_BODY = YES;
				CLANG_WARN_ENUM_CONVERSION = YES;
				CLANG_WARN_INFINITE_RECURSION = YES;
				CLANG_WARN_INT_CONVERSION = YES;
				CLANG_WARN_NON_LITERAL_NULL_CONVERSION = YES;
				CLANG_WARN_OBJC_IMPLICIT_RETAIN_SELF = YES;
				CLANG_WARN_OBJC_LITERAL_CONVERSION = YES;
				CLANG_WARN_OBJC_ROOT_CLASS = YES_ERROR;
				CLANG_WARN_QUOTED_INCLUDE_IN_FRAMEWORK_HEADER = YES;
				CLANG_WARN_RANGE_LOOP_ANALYSIS = YES;
				CLANG_WARN_STRICT_PROTOTYPES = YES;
				CLANG_WARN_SUSPICIOUS_MOVE = YES;
				CLANG_WARN_UNGUARDED_AVAILABILITY = YES_AGGRESSIVE;
				CLANG_WARN_UNREACHABLE_CODE = YES;
				CLANG_WARN__DUPLICATE_METHOD_MATCH = YES;
				COPY_PHASE_STRIP = NO;
				DEBUG_INFORMATION_FORMAT = "dwarf-with-dsym";
				ENABLE_NS_ASSERTIONS = NO;
				ENABLE_STRICT_OBJC_MSGSEND = YES;
				GCC_C_LANGUAGE_STANDARD = gnu11;
				GCC_NO_COMMON_BLOCKS = YES;
				GCC_WARN_64_TO_32_BIT_CONVERSION = YES;
				GCC_WARN_ABOUT_RETURN_TYPE = YES_ERROR;
				GCC_WARN_UNDECLARED_SELECTOR = YES;
				GCC_WARN_UNINITIALIZED_AUTOS = YES_AGGRESSIVE;
				GCC_WARN_UNUSED_FUNCTION = YES;
				GCC_WARN_UNUSED_VARIABLE = YES;
				IPHONEOS_DEPLOYMENT_TARGET = 16.0;
				MTL_ENABLE_DEBUG_INFO = NO;
				MTL_FAST_MATH = YES;
				SDKROOT = iphoneos;
				SWIFT_COMPILATION_MODE = wholemodule;
				SWIFT_OPTIMIZATION_LEVEL = "-O";
				VALIDATE_PRODUCT = YES;
			};
			name = Release;
		};
		24C0429328D257AA00270C62 /* Debug */ = {
			isa = XCBuildConfiguration;
			buildSettings = {
				ASSETCATALOG_COMPILER_APPICON_NAME = AppIcon;
				ASSETCATALOG_COMPILER_GLOBAL_ACCENT_COLOR_NAME = AccentColor;
				CODE_SIGN_STYLE = Automatic;
				CURRENT_PROJECT_VERSION = 1;
				DEVELOPMENT_TEAM = "";
				GENERATE_INFOPLIST_FILE = YES;
				INFOPLIST_FILE = Vance/Info.plist;
				INFOPLIST_KEY_UIApplicationSupportsIndirectInputEvents = YES;
				INFOPLIST_KEY_UISupportedInterfaceOrientations = UIInterfaceOrientationPortrait;
				IPHONEOS_DEPLOYMENT_TARGET = 15.0;
				LD_RUNPATH_SEARCH_PATHS = (
					"$(inherited)",
					"@executable_path/Frameworks",
				);
				MARKETING_VERSION = 1.0;
				PRODUCT_BUNDLE_IDENTIFIER = net.prismade.Vance;
				PRODUCT_NAME = "$(TARGET_NAME)";
				SUPPORTED_PLATFORMS = "iphoneos iphonesimulator";
				SUPPORTS_MACCATALYST = NO;
				SUPPORTS_MAC_DESIGNED_FOR_IPHONE_IPAD = NO;
				SWIFT_EMIT_LOC_STRINGS = YES;
				SWIFT_VERSION = 5.0;
				TARGETED_DEVICE_FAMILY = 1;
			};
			name = Debug;
		};
		24C0429428D257AA00270C62 /* Release */ = {
			isa = XCBuildConfiguration;
			buildSettings = {
				ASSETCATALOG_COMPILER_APPICON_NAME = AppIcon;
				ASSETCATALOG_COMPILER_GLOBAL_ACCENT_COLOR_NAME = AccentColor;
				CODE_SIGN_STYLE = Automatic;
				CURRENT_PROJECT_VERSION = 1;
				DEVELOPMENT_TEAM = "";
				GENERATE_INFOPLIST_FILE = YES;
				INFOPLIST_FILE = Vance/Info.plist;
				INFOPLIST_KEY_UIApplicationSupportsIndirectInputEvents = YES;
				INFOPLIST_KEY_UISupportedInterfaceOrientations = UIInterfaceOrientationPortrait;
				IPHONEOS_DEPLOYMENT_TARGET = 15.0;
				LD_RUNPATH_SEARCH_PATHS = (
					"$(inherited)",
					"@executable_path/Frameworks",
				);
				MARKETING_VERSION = 1.0;
				PRODUCT_BUNDLE_IDENTIFIER = net.prismade.Vance;
				PRODUCT_NAME = "$(TARGET_NAME)";
				SUPPORTED_PLATFORMS = "iphoneos iphonesimulator";
				SUPPORTS_MACCATALYST = NO;
				SUPPORTS_MAC_DESIGNED_FOR_IPHONE_IPAD = NO;
				SWIFT_EMIT_LOC_STRINGS = YES;
				SWIFT_VERSION = 5.0;
				TARGETED_DEVICE_FAMILY = 1;
			};
			name = Release;
		};
/* End XCBuildConfiguration section */

/* Begin XCConfigurationList section */
		24C0427928D257AA00270C62 /* Build configuration list for PBXProject "Vance" */ = {
			isa = XCConfigurationList;
			buildConfigurations = (
				24C0429028D257AA00270C62 /* Debug */,
				24C0429128D257AA00270C62 /* Release */,
			);
			defaultConfigurationIsVisible = 0;
			defaultConfigurationName = Release;
		};
		24C0429228D257AA00270C62 /* Build configuration list for PBXNativeTarget "Vance" */ = {
			isa = XCConfigurationList;
			buildConfigurations = (
				24C0429328D257AA00270C62 /* Debug */,
				24C0429428D257AA00270C62 /* Release */,
			);
			defaultConfigurationIsVisible = 0;
			defaultConfigurationName = Release;
		};
/* End XCConfigurationList section */
	};
	rootObject = 24C0427628D257AA00270C62 /* Project object */;
}
