// !$*UTF8*$!
{
	archiveVersion = 1;
	classes = {
	};
	objectVersion = 55;
	objects = {

/* Begin PBXBuildFile section */
		2402A1E12A9D2891002E263D /* QueueViewController.swift in Sources */ = {isa = PBXBuildFile; fileRef = 2402A1E02A9D2891002E263D /* QueueViewController.swift */; };
		2402A1E32A9D2D40002E263D /* QueueItemTableViewCell.swift in Sources */ = {isa = PBXBuildFile; fileRef = 2402A1E22A9D2D40002E263D /* QueueItemTableViewCell.swift */; };
		242127F02A829BF500B2A362 /* VideoDetailsViewController.swift in Sources */ = {isa = PBXBuildFile; fileRef = 242127EF2A829BF500B2A362 /* VideoDetailsViewController.swift */; };
		2432363B299026B7002DD2E4 /* VideoDetails.swift in Sources */ = {isa = PBXBuildFile; fileRef = 2432363A299026B7002DD2E4 /* VideoDetails.swift */; };
		2456D74E2A82B5D4001EEF96 /* VideoPlayerControlsViewController.swift in Sources */ = {isa = PBXBuildFile; fileRef = 2456D74D2A82B5D4001EEF96 /* VideoPlayerControlsViewController.swift */; };
		246D53D32976914B00098B1B /* Dictionary+Convenience.swift in Sources */ = {isa = PBXBuildFile; fileRef = 246D53D22976914B00098B1B /* Dictionary+Convenience.swift */; };
		246E8CA92AB23E6300E47D57 /* Localizable.xcstrings in Resources */ = {isa = PBXBuildFile; fileRef = 246E8CA82AB23E6300E47D57 /* Localizable.xcstrings */; };
		249C8B1C2A9FFD850066D73C /* PlayerModel.swift in Sources */ = {isa = PBXBuildFile; fileRef = 249C8B1B2A9FFD850066D73C /* PlayerModel.swift */; };
		24C0428228D257AA00270C62 /* AppDelegate.swift in Sources */ = {isa = PBXBuildFile; fileRef = 24C0428128D257AA00270C62 /* AppDelegate.swift */; };
		24C0428428D257AA00270C62 /* SceneDelegate.swift in Sources */ = {isa = PBXBuildFile; fileRef = 24C0428328D257AA00270C62 /* SceneDelegate.swift */; };
		24C0428B28D257AA00270C62 /* Assets.xcassets in Resources */ = {isa = PBXBuildFile; fileRef = 24C0428A28D257AA00270C62 /* Assets.xcassets */; };
		24C0429828D25DEB00270C62 /* PlayerViewController.swift in Sources */ = {isa = PBXBuildFile; fileRef = 24C0429728D25DEB00270C62 /* PlayerViewController.swift */; };
		24D0DB7629C1385200AC450E /* PythonModules in Resources */ = {isa = PBXBuildFile; fileRef = 24D0DB7529C1385200AC450E /* PythonModules */; };
		24D5AF9C29BA5B2D0060F8BF /* PythonKit in Frameworks */ = {isa = PBXBuildFile; productRef = 24D5AF9B29BA5B2D0060F8BF /* PythonKit */; };
		24D5AFA129BA5B960060F8BF /* Python.xcframework in Frameworks */ = {isa = PBXBuildFile; fileRef = 24D5AFA029BA5B960060F8BF /* Python.xcframework */; };
		24D5B5FF29BA5C0F0060F8BF /* SystemConfiguration.framework in Frameworks */ = {isa = PBXBuildFile; fileRef = 24D5B5FE29BA5C0F0060F8BF /* SystemConfiguration.framework */; };
		24D5B60129BA5D5B0060F8BF /* python-stdlib in Resources */ = {isa = PBXBuildFile; fileRef = 24D5B60029BA5D5B0060F8BF /* python-stdlib */; };
		24F503C829BBB2D70001CD8F /* YoutubeDL.swift in Sources */ = {isa = PBXBuildFile; fileRef = 24F503C729BBB2D70001CD8F /* YoutubeDL.swift */; };
/* End PBXBuildFile section */

/* Begin PBXFileReference section */
		2402A1E02A9D2891002E263D /* QueueViewController.swift */ = {isa = PBXFileReference; lastKnownFileType = sourcecode.swift; path = QueueViewController.swift; sourceTree = "<group>"; };
		2402A1E22A9D2D40002E263D /* QueueItemTableViewCell.swift */ = {isa = PBXFileReference; lastKnownFileType = sourcecode.swift; path = QueueItemTableViewCell.swift; sourceTree = "<group>"; };
		242127EF2A829BF500B2A362 /* VideoDetailsViewController.swift */ = {isa = PBXFileReference; lastKnownFileType = sourcecode.swift; path = VideoDetailsViewController.swift; sourceTree = "<group>"; };
		2432363A299026B7002DD2E4 /* VideoDetails.swift */ = {isa = PBXFileReference; lastKnownFileType = sourcecode.swift; path = VideoDetails.swift; sourceTree = "<group>"; };
		2456D74D2A82B5D4001EEF96 /* VideoPlayerControlsViewController.swift */ = {isa = PBXFileReference; lastKnownFileType = sourcecode.swift; path = VideoPlayerControlsViewController.swift; sourceTree = "<group>"; };
		246D53D22976914B00098B1B /* Dictionary+Convenience.swift */ = {isa = PBXFileReference; lastKnownFileType = sourcecode.swift; path = "Dictionary+Convenience.swift"; sourceTree = "<group>"; };
		246E8CA82AB23E6300E47D57 /* Localizable.xcstrings */ = {isa = PBXFileReference; lastKnownFileType = text.json.xcstrings; path = Localizable.xcstrings; sourceTree = "<group>"; };
		249C8B1B2A9FFD850066D73C /* PlayerModel.swift */ = {isa = PBXFileReference; lastKnownFileType = sourcecode.swift; path = PlayerModel.swift; sourceTree = "<group>"; };
		24C0427E28D257AA00270C62 /* Vance.app */ = {isa = PBXFileReference; explicitFileType = wrapper.application; includeInIndex = 0; path = Vance.app; sourceTree = BUILT_PRODUCTS_DIR; };
		24C0428128D257AA00270C62 /* AppDelegate.swift */ = {isa = PBXFileReference; lastKnownFileType = sourcecode.swift; path = AppDelegate.swift; sourceTree = "<group>"; };
		24C0428328D257AA00270C62 /* SceneDelegate.swift */ = {isa = PBXFileReference; lastKnownFileType = sourcecode.swift; path = SceneDelegate.swift; sourceTree = "<group>"; };
		24C0428A28D257AA00270C62 /* Assets.xcassets */ = {isa = PBXFileReference; lastKnownFileType = folder.assetcatalog; path = Assets.xcassets; sourceTree = "<group>"; };
		24C0428F28D257AA00270C62 /* Info.plist */ = {isa = PBXFileReference; lastKnownFileType = text.plist.xml; path = Info.plist; sourceTree = "<group>"; };
		24C0429728D25DEB00270C62 /* PlayerViewController.swift */ = {isa = PBXFileReference; lastKnownFileType = sourcecode.swift; path = PlayerViewController.swift; sourceTree = "<group>"; };
		24D0DB7529C1385200AC450E /* PythonModules */ = {isa = PBXFileReference; fileEncoding = 4; lastKnownFileType = folder; path = PythonModules; sourceTree = SOURCE_ROOT; };
		24D5AFA029BA5B960060F8BF /* Python.xcframework */ = {isa = PBXFileReference; lastKnownFileType = wrapper.xcframework; path = Python.xcframework; sourceTree = "<group>"; };
		24D5B5FE29BA5C0F0060F8BF /* SystemConfiguration.framework */ = {isa = PBXFileReference; lastKnownFileType = wrapper.framework; name = SystemConfiguration.framework; path = System/Library/Frameworks/SystemConfiguration.framework; sourceTree = SDKROOT; };
		24D5B60029BA5D5B0060F8BF /* python-stdlib */ = {isa = PBXFileReference; fileEncoding = 4; lastKnownFileType = text; path = "python-stdlib"; sourceTree = SOURCE_ROOT; };
		24F503C729BBB2D70001CD8F /* YoutubeDL.swift */ = {isa = PBXFileReference; lastKnownFileType = sourcecode.swift; path = YoutubeDL.swift; sourceTree = "<group>"; };
/* End PBXFileReference section */

/* Begin PBXFrameworksBuildPhase section */
		24C0427B28D257AA00270C62 /* Frameworks */ = {
			isa = PBXFrameworksBuildPhase;
			buildActionMask = 2147483647;
			files = (
				24D5AF9C29BA5B2D0060F8BF /* PythonKit in Frameworks */,
				24D5B5FF29BA5C0F0060F8BF /* SystemConfiguration.framework in Frameworks */,
				24D5AFA129BA5B960060F8BF /* Python.xcframework in Frameworks */,
			);
			runOnlyForDeploymentPostprocessing = 0;
		};
/* End PBXFrameworksBuildPhase section */

/* Begin PBXGroup section */
		241ED9C4298AE83B00BBB1D9 /* Extensions */ = {
			isa = PBXGroup;
			children = (
				246D53D22976914B00098B1B /* Dictionary+Convenience.swift */,
			);
			path = Extensions;
			sourceTree = "<group>";
		};
		2432363829901B6E002DD2E4 /* App */ = {
			isa = PBXGroup;
			children = (
				24C0428128D257AA00270C62 /* AppDelegate.swift */,
				24C0428328D257AA00270C62 /* SceneDelegate.swift */,
			);
			path = App;
			sourceTree = "<group>";
		};
		2432363929901B84002DD2E4 /* ViewControllers */ = {
			isa = PBXGroup;
			children = (
				24C0429728D25DEB00270C62 /* PlayerViewController.swift */,
				242127EF2A829BF500B2A362 /* VideoDetailsViewController.swift */,
				2456D74D2A82B5D4001EEF96 /* VideoPlayerControlsViewController.swift */,
				2402A1E02A9D2891002E263D /* QueueViewController.swift */,
			);
			path = ViewControllers;
			sourceTree = "<group>";
		};
		24C0427528D257AA00270C62 = {
			isa = PBXGroup;
			children = (
				24C0428028D257AA00270C62 /* Vance */,
				24C0427F28D257AA00270C62 /* Products */,
				24D5B5FD29BA5C0F0060F8BF /* Frameworks */,
			);
			indentWidth = 4;
			sourceTree = "<group>";
			tabWidth = 4;
		};
		24C0427F28D257AA00270C62 /* Products */ = {
			isa = PBXGroup;
			children = (
				24C0427E28D257AA00270C62 /* Vance.app */,
			);
			name = Products;
			sourceTree = "<group>";
		};
		24C0428028D257AA00270C62 /* Vance */ = {
			isa = PBXGroup;
			children = (
				24D0DB7529C1385200AC450E /* PythonModules */,
				24D5B60029BA5D5B0060F8BF /* python-stdlib */,
				24D5AFA029BA5B960060F8BF /* Python.xcframework */,
				2432363829901B6E002DD2E4 /* App */,
				241ED9C4298AE83B00BBB1D9 /* Extensions */,
				2432363929901B84002DD2E4 /* ViewControllers */,
				249C8B1B2A9FFD850066D73C /* PlayerModel.swift */,
				24F503C729BBB2D70001CD8F /* YoutubeDL.swift */,
				2402A1E22A9D2D40002E263D /* QueueItemTableViewCell.swift */,
				2432363A299026B7002DD2E4 /* VideoDetails.swift */,
				24C0428A28D257AA00270C62 /* Assets.xcassets */,
				246E8CA82AB23E6300E47D57 /* Localizable.xcstrings */,
				24C0428F28D257AA00270C62 /* Info.plist */,
			);
			path = Vance;
			sourceTree = "<group>";
		};
		24D5B5FD29BA5C0F0060F8BF /* Frameworks */ = {
			isa = PBXGroup;
			children = (
				24D5B5FE29BA5C0F0060F8BF /* SystemConfiguration.framework */,
			);
			name = Frameworks;
			sourceTree = "<group>";
		};
/* End PBXGroup section */

/* Begin PBXNativeTarget section */
		24C0427D28D257AA00270C62 /* Vance */ = {
			isa = PBXNativeTarget;
			buildConfigurationList = 24C0429228D257AA00270C62 /* Build configuration list for PBXNativeTarget "Vance" */;
			buildPhases = (
				24C0427A28D257AA00270C62 /* Sources */,
				24C0427B28D257AA00270C62 /* Frameworks */,
				24C0427C28D257AA00270C62 /* Resources */,
				24D5B60229BA5DCE0060F8BF /* Sign Python Binary Modules */,
			);
			buildRules = (
			);
			dependencies = (
			);
			name = Vance;
			packageProductDependencies = (
				24D5AF9B29BA5B2D0060F8BF /* PythonKit */,
			);
			productName = Vance;
			productReference = 24C0427E28D257AA00270C62 /* Vance.app */;
			productType = "com.apple.product-type.application";
		};
/* End PBXNativeTarget section */

/* Begin PBXProject section */
		24C0427628D257AA00270C62 /* Project object */ = {
			isa = PBXProject;
			attributes = {
				BuildIndependentTargetsInParallel = 1;
				LastSwiftUpdateCheck = 1400;
				LastUpgradeCheck = 1500;
				ORGANIZATIONNAME = "Egor and the fucked up";
				TargetAttributes = {
					24C0427D28D257AA00270C62 = {
						CreatedOnToolsVersion = 14.0;
					};
				};
			};
			buildConfigurationList = 24C0427928D257AA00270C62 /* Build configuration list for PBXProject "Vance" */;
			compatibilityVersion = "Xcode 13.0";
			developmentRegion = en;
			hasScannedForEncodings = 0;
			knownRegions = (
				en,
				Base,
				ru,
			);
			mainGroup = 24C0427528D257AA00270C62;
			packageReferences = (
				24D5AF9A29BA5B2D0060F8BF /* XCRemoteSwiftPackageReference "PythonKit" */,
			);
			productRefGroup = 24C0427F28D257AA00270C62 /* Products */;
			projectDirPath = "";
			projectRoot = "";
			targets = (
				24C0427D28D257AA00270C62 /* Vance */,
			);
		};
/* End PBXProject section */

/* Begin PBXResourcesBuildPhase section */
		24C0427C28D257AA00270C62 /* Resources */ = {
			isa = PBXResourcesBuildPhase;
			buildActionMask = 2147483647;
			files = (
				24D0DB7629C1385200AC450E /* PythonModules in Resources */,
				246E8CA92AB23E6300E47D57 /* Localizable.xcstrings in Resources */,
				24C0428B28D257AA00270C62 /* Assets.xcassets in Resources */,
				24D5B60129BA5D5B0060F8BF /* python-stdlib in Resources */,
			);
			runOnlyForDeploymentPostprocessing = 0;
		};
/* End PBXResourcesBuildPhase section */

/* Begin PBXShellScriptBuildPhase section */
		24D5B60229BA5DCE0060F8BF /* Sign Python Binary Modules */ = {
			isa = PBXShellScriptBuildPhase;
			alwaysOutOfDate = 1;
			buildActionMask = 2147483647;
			files = (
			);
			inputFileListPaths = (
			);
			inputPaths = (
			);
			name = "Sign Python Binary Modules";
			outputFileListPaths = (
			);
			outputPaths = (
			);
			runOnlyForDeploymentPostprocessing = 0;
			shellPath = /bin/sh;
			shellScript = "set -e\necho \"Signing as $EXPANDED_CODE_SIGN_IDENTITY_NAME ($EXPANDED_CODE_SIGN_IDENTITY)\"\nfind \"$CODESIGNING_FOLDER_PATH/python-stdlib/lib-dynload\" -name \"*.so\" -exec /usr/bin/codesign --force --sign \"$EXPANDED_CODE_SIGN_IDENTITY\" -o runtime --timestamp=none --preserve-metadata=identifier,entitlements,flags --generate-entitlement-der {} \\;\n";
		};
/* End PBXShellScriptBuildPhase section */

/* Begin PBXSourcesBuildPhase section */
		24C0427A28D257AA00270C62 /* Sources */ = {
			isa = PBXSourcesBuildPhase;
			buildActionMask = 2147483647;
			files = (
				2402A1E12A9D2891002E263D /* QueueViewController.swift in Sources */,
				242127F02A829BF500B2A362 /* VideoDetailsViewController.swift in Sources */,
				2432363B299026B7002DD2E4 /* VideoDetails.swift in Sources */,
				24C0428228D257AA00270C62 /* AppDelegate.swift in Sources */,
				24C0428428D257AA00270C62 /* SceneDelegate.swift in Sources */,
				2456D74E2A82B5D4001EEF96 /* VideoPlayerControlsViewController.swift in Sources */,
				249C8B1C2A9FFD850066D73C /* PlayerModel.swift in Sources */,
				2402A1E32A9D2D40002E263D /* QueueItemTableViewCell.swift in Sources */,
				24C0429828D25DEB00270C62 /* PlayerViewController.swift in Sources */,
				246D53D32976914B00098B1B /* Dictionary+Convenience.swift in Sources */,
				24F503C829BBB2D70001CD8F /* YoutubeDL.swift in Sources */,
			);
			runOnlyForDeploymentPostprocessing = 0;
		};
/* End PBXSourcesBuildPhase section */

/* Begin XCBuildConfiguration section */
		24C0429028D257AA00270C62 /* Debug */ = {
			isa = XCBuildConfiguration;
			buildSettings = {
				ALWAYS_SEARCH_USER_PATHS = NO;
				ASSETCATALOG_COMPILER_GENERATE_SWIFT_ASSET_SYMBOL_EXTENSIONS = YES;
				CLANG_ANALYZER_LOCALIZABILITY_NONLOCALIZED = YES;
				CLANG_ANALYZER_NONNULL = YES;
				CLANG_ANALYZER_NUMBER_OBJECT_CONVERSION = YES_AGGRESSIVE;
				CLANG_CXX_LANGUAGE_STANDARD = "gnu++20";
				CLANG_ENABLE_MODULES = YES;
				CLANG_ENABLE_OBJC_ARC = YES;
				CLANG_ENABLE_OBJC_WEAK = YES;
				CLANG_WARN_BLOCK_CAPTURE_AUTORELEASING = YES;
				CLANG_WARN_BOOL_CONVERSION = YES;
				CLANG_WARN_COMMA = YES;
				CLANG_WARN_CONSTANT_CONVERSION = YES;
				CLANG_WARN_DEPRECATED_OBJC_IMPLEMENTATIONS = YES;
				CLANG_WARN_DIRECT_OBJC_ISA_USAGE = YES_ERROR;
				CLANG_WARN_DOCUMENTATION_COMMENTS = YES;
				CLANG_WARN_EMPTY_BODY = YES;
				CLANG_WARN_ENUM_CONVERSION = YES;
				CLANG_WARN_INFINITE_RECURSION = YES;
				CLANG_WARN_INT_CONVERSION = YES;
				CLANG_WARN_NON_LITERAL_NULL_CONVERSION = YES;
				CLANG_WARN_OBJC_IMPLICIT_RETAIN_SELF = YES;
				CLANG_WARN_OBJC_LITERAL_CONVERSION = YES;
				CLANG_WARN_OBJC_ROOT_CLASS = YES_ERROR;
				CLANG_WARN_QUOTED_INCLUDE_IN_FRAMEWORK_HEADER = YES;
				CLANG_WARN_RANGE_LOOP_ANALYSIS = YES;
				CLANG_WARN_STRICT_PROTOTYPES = YES;
				CLANG_WARN_SUSPICIOUS_MOVE = YES;
				CLANG_WARN_UNGUARDED_AVAILABILITY = YES_AGGRESSIVE;
				CLANG_WARN_UNREACHABLE_CODE = YES;
				CLANG_WARN__DUPLICATE_METHOD_MATCH = YES;
				COPY_PHASE_STRIP = NO;
				DEBUG_INFORMATION_FORMAT = dwarf;
				ENABLE_STRICT_OBJC_MSGSEND = YES;
				ENABLE_TESTABILITY = YES;
				GCC_C_LANGUAGE_STANDARD = gnu11;
				GCC_DYNAMIC_NO_PIC = NO;
				GCC_NO_COMMON_BLOCKS = YES;
				GCC_OPTIMIZATION_LEVEL = 0;
				GCC_PREPROCESSOR_DEFINITIONS = (
					"DEBUG=1",
					"$(inherited)",
				);
				GCC_WARN_64_TO_32_BIT_CONVERSION = YES;
				GCC_WARN_ABOUT_RETURN_TYPE = YES_ERROR;
				GCC_WARN_UNDECLARED_SELECTOR = YES;
				GCC_WARN_UNINITIALIZED_AUTOS = YES_AGGRESSIVE;
				GCC_WARN_UNUSED_FUNCTION = YES;
				GCC_WARN_UNUSED_VARIABLE = YES;
				IPHONEOS_DEPLOYMENT_TARGET = 16.0;
				LOCALIZATION_PREFERS_STRING_CATALOGS = YES;
				MTL_ENABLE_DEBUG_INFO = INCLUDE_SOURCE;
				MTL_FAST_MATH = YES;
				ONLY_ACTIVE_ARCH = YES;
				SDKROOT = iphoneos;
				SWIFT_ACTIVE_COMPILATION_CONDITIONS = DEBUG;
				SWIFT_OPTIMIZATION_LEVEL = "-Onone";
			};
			name = Debug;
		};
		24C0429128D257AA00270C62 /* Release */ = {
			isa = XCBuildConfiguration;
			buildSettings = {
				ALWAYS_SEARCH_USER_PATHS = NO;
				ASSETCATALOG_COMPILER_GENERATE_SWIFT_ASSET_SYMBOL_EXTENSIONS = YES;
				CLANG_ANALYZER_LOCALIZABILITY_NONLOCALIZED = YES;
				CLANG_ANALYZER_NONNULL = YES;
				CLANG_ANALYZER_NUMBER_OBJECT_CONVERSION = YES_AGGRESSIVE;
				CLANG_CXX_LANGUAGE_STANDARD = "gnu++20";
				CLANG_ENABLE_MODULES = YES;
				CLANG_ENABLE_OBJC_ARC = YES;
				CLANG_ENABLE_OBJC_WEAK = YES;
				CLANG_WARN_BLOCK_CAPTURE_AUTORELEASING = YES;
				CLANG_WARN_BOOL_CONVERSION = YES;
				CLANG_WARN_COMMA = YES;
				CLANG_WARN_CONSTANT_CONVERSION = YES;
				CLANG_WARN_DEPRECATED_OBJC_IMPLEMENTATIONS = YES;
				CLANG_WARN_DIRECT_OBJC_ISA_USAGE = YES_ERROR;
				CLANG_WARN_DOCUMENTATION_COMMENTS = YES;
				CLANG_WARN_EMPTY_BODY = YES;
				CLANG_WARN_ENUM_CONVERSION = YES;
				CLANG_WARN_INFINITE_RECURSION = YES;
				CLANG_WARN_INT_CONVERSION = YES;
				CLANG_WARN_NON_LITERAL_NULL_CONVERSION = YES;
				CLANG_WARN_OBJC_IMPLICIT_RETAIN_SELF = YES;
				CLANG_WARN_OBJC_LITERAL_CONVERSION = YES;
				CLANG_WARN_OBJC_ROOT_CLASS = YES_ERROR;
				CLANG_WARN_QUOTED_INCLUDE_IN_FRAMEWORK_HEADER = YES;
				CLANG_WARN_RANGE_LOOP_ANALYSIS = YES;
				CLANG_WARN_STRICT_PROTOTYPES = YES;
				CLANG_WARN_SUSPICIOUS_MOVE = YES;
				CLANG_WARN_UNGUARDED_AVAILABILITY = YES_AGGRESSIVE;
				CLANG_WARN_UNREACHABLE_CODE = YES;
				CLANG_WARN__DUPLICATE_METHOD_MATCH = YES;
				COPY_PHASE_STRIP = NO;
				DEBUG_INFORMATION_FORMAT = "dwarf-with-dsym";
				ENABLE_NS_ASSERTIONS = NO;
				ENABLE_STRICT_OBJC_MSGSEND = YES;
				GCC_C_LANGUAGE_STANDARD = gnu11;
				GCC_NO_COMMON_BLOCKS = YES;
				GCC_WARN_64_TO_32_BIT_CONVERSION = YES;
				GCC_WARN_ABOUT_RETURN_TYPE = YES_ERROR;
				GCC_WARN_UNDECLARED_SELECTOR = YES;
				GCC_WARN_UNINITIALIZED_AUTOS = YES_AGGRESSIVE;
				GCC_WARN_UNUSED_FUNCTION = YES;
				GCC_WARN_UNUSED_VARIABLE = YES;
				IPHONEOS_DEPLOYMENT_TARGET = 16.0;
				LOCALIZATION_PREFERS_STRING_CATALOGS = YES;
				MTL_ENABLE_DEBUG_INFO = NO;
				MTL_FAST_MATH = YES;
				SDKROOT = iphoneos;
				SWIFT_COMPILATION_MODE = wholemodule;
				SWIFT_OPTIMIZATION_LEVEL = "-O";
				VALIDATE_PRODUCT = YES;
			};
			name = Release;
		};
		24C0429328D257AA00270C62 /* Debug */ = {
			isa = XCBuildConfiguration;
			buildSettings = {
				ASSETCATALOG_COMPILER_APPICON_NAME = AppIcon;
				ASSETCATALOG_COMPILER_GLOBAL_ACCENT_COLOR_NAME = AccentColor;
				CODE_SIGN_STYLE = Automatic;
				CURRENT_PROJECT_VERSION = 1;
				DEVELOPMENT_TEAM = MZN9WUBPNG;
				GENERATE_INFOPLIST_FILE = YES;
				INFOPLIST_FILE = Vance/Info.plist;
				INFOPLIST_KEY_UIApplicationSupportsIndirectInputEvents = YES;
				INFOPLIST_KEY_UISupportedInterfaceOrientations = UIInterfaceOrientationPortrait;
				IPHONEOS_DEPLOYMENT_TARGET = 15.0;
				LD_RUNPATH_SEARCH_PATHS = (
					"$(inherited)",
					"@executable_path/Frameworks",
				);
				MARKETING_VERSION = 1.0;
				PRODUCT_BUNDLE_IDENTIFIER = net.prismade.Vance;
				PRODUCT_NAME = "$(TARGET_NAME)";
				SUPPORTED_PLATFORMS = "iphoneos iphonesimulator";
				SUPPORTS_MACCATALYST = NO;
				SUPPORTS_MAC_DESIGNED_FOR_IPHONE_IPAD = NO;
				SWIFT_EMIT_LOC_STRINGS = YES;
				SWIFT_VERSION = 5.0;
				TARGETED_DEVICE_FAMILY = 1;
			};
			name = Debug;
		};
		24C0429428D257AA00270C62 /* Release */ = {
			isa = XCBuildConfiguration;
			buildSettings = {
				ASSETCATALOG_COMPILER_APPICON_NAME = AppIcon;
				ASSETCATALOG_COMPILER_GLOBAL_ACCENT_COLOR_NAME = AccentColor;
				CODE_SIGN_STYLE = Automatic;
				CURRENT_PROJECT_VERSION = 1;
				DEVELOPMENT_TEAM = MZN9WUBPNG;
				GENERATE_INFOPLIST_FILE = YES;
				INFOPLIST_FILE = Vance/Info.plist;
				INFOPLIST_KEY_UIApplicationSupportsIndirectInputEvents = YES;
				INFOPLIST_KEY_UISupportedInterfaceOrientations = UIInterfaceOrientationPortrait;
				IPHONEOS_DEPLOYMENT_TARGET = 15.0;
				LD_RUNPATH_SEARCH_PATHS = (
					"$(inherited)",
					"@executable_path/Frameworks",
				);
				MARKETING_VERSION = 1.0;
				PRODUCT_BUNDLE_IDENTIFIER = net.prismade.Vance;
				PRODUCT_NAME = "$(TARGET_NAME)";
				SUPPORTED_PLATFORMS = "iphoneos iphonesimulator";
				SUPPORTS_MACCATALYST = NO;
				SUPPORTS_MAC_DESIGNED_FOR_IPHONE_IPAD = NO;
				SWIFT_EMIT_LOC_STRINGS = YES;
				SWIFT_VERSION = 5.0;
				TARGETED_DEVICE_FAMILY = 1;
			};
			name = Release;
		};
/* End XCBuildConfiguration section */

/* Begin XCConfigurationList section */
		24C0427928D257AA00270C62 /* Build configuration list for PBXProject "Vance" */ = {
			isa = XCConfigurationList;
			buildConfigurations = (
				24C0429028D257AA00270C62 /* Debug */,
				24C0429128D257AA00270C62 /* Release */,
			);
			defaultConfigurationIsVisible = 0;
			defaultConfigurationName = Release;
		};
		24C0429228D257AA00270C62 /* Build configuration list for PBXNativeTarget "Vance" */ = {
			isa = XCConfigurationList;
			buildConfigurations = (
				24C0429328D257AA00270C62 /* Debug */,
				24C0429428D257AA00270C62 /* Release */,
			);
			defaultConfigurationIsVisible = 0;
			defaultConfigurationName = Release;
		};
/* End XCConfigurationList section */

/* Begin XCRemoteSwiftPackageReference section */
		24D5AF9A29BA5B2D0060F8BF /* XCRemoteSwiftPackageReference "PythonKit" */ = {
			isa = XCRemoteSwiftPackageReference;
			repositoryURL = "https://github.com/pvieito/PythonKit.git";
			requirement = {
				branch = master;
				kind = branch;
			};
		};
/* End XCRemoteSwiftPackageReference section */

/* Begin XCSwiftPackageProductDependency section */
		24D5AF9B29BA5B2D0060F8BF /* PythonKit */ = {
			isa = XCSwiftPackageProductDependency;
			package = 24D5AF9A29BA5B2D0060F8BF /* XCRemoteSwiftPackageReference "PythonKit" */;
			productName = PythonKit;
		};
/* End XCSwiftPackageProductDependency section */
	};
	rootObject = 24C0427628D257AA00270C62 /* Project object */;
}
